// !$*UTF8*$!
{
	archiveVersion = 1;
	classes = {
	};
	objectVersion = 50;
	objects = {

/* Begin PBXBuildFile section */
		9905F99B20BA8524003E372D /* AppDelegate.swift in Sources */ = {isa = PBXBuildFile; fileRef = 9905F99A20BA8524003E372D /* AppDelegate.swift */; };
		9905F99D20BA8524003E372D /* ViewController.swift in Sources */ = {isa = PBXBuildFile; fileRef = 9905F99C20BA8524003E372D /* ViewController.swift */; };
		9905F9A220BA8525003E372D /* Assets.xcassets in Resources */ = {isa = PBXBuildFile; fileRef = 9905F9A120BA8525003E372D /* Assets.xcassets */; };
		9905F9A520BA8525003E372D /* LaunchScreen.storyboard in Resources */ = {isa = PBXBuildFile; fileRef = 9905F9A320BA8525003E372D /* LaunchScreen.storyboard */; };
		99C98A8E20BA8C020027D7C4 /* Main.storyboard in Resources */ = {isa = PBXBuildFile; fileRef = 99C98A8D20BA8C020027D7C4 /* Main.storyboard */; };
		99C98A9620BAA2790027D7C4 /* CryptoCurrencyModel.swift in Sources */ = {isa = PBXBuildFile; fileRef = 99C98A9520BAA2790027D7C4 /* CryptoCurrencyModel.swift */; };
		F42AA48C62133D2DA50C4C5D /* Pods_MyBitStack.framework in Frameworks */ = {isa = PBXBuildFile; fileRef = 03802BC1264DF7C567732828 /* Pods_MyBitStack.framework */; };
/* End PBXBuildFile section */

/* Begin PBXFileReference section */
		03802BC1264DF7C567732828 /* Pods_MyBitStack.framework */ = {isa = PBXFileReference; explicitFileType = wrapper.framework; includeInIndex = 0; path = Pods_MyBitStack.framework; sourceTree = BUILT_PRODUCTS_DIR; };
		3706DE98EA704EAF7F909209 /* Pods-MyBitStack.release.xcconfig */ = {isa = PBXFileReference; includeInIndex = 1; lastKnownFileType = text.xcconfig; name = "Pods-MyBitStack.release.xcconfig"; path = "Pods/Target Support Files/Pods-MyBitStack/Pods-MyBitStack.release.xcconfig"; sourceTree = "<group>"; };
		9905F99720BA8524003E372D /* MyBitStack.app */ = {isa = PBXFileReference; explicitFileType = wrapper.application; includeInIndex = 0; path = MyBitStack.app; sourceTree = BUILT_PRODUCTS_DIR; };
		9905F99A20BA8524003E372D /* AppDelegate.swift */ = {isa = PBXFileReference; lastKnownFileType = sourcecode.swift; path = AppDelegate.swift; sourceTree = "<group>"; };
		9905F99C20BA8524003E372D /* ViewController.swift */ = {isa = PBXFileReference; lastKnownFileType = sourcecode.swift; path = ViewController.swift; sourceTree = "<group>"; };
		9905F9A120BA8525003E372D /* Assets.xcassets */ = {isa = PBXFileReference; lastKnownFileType = folder.assetcatalog; path = Assets.xcassets; sourceTree = "<group>"; };
		9905F9A420BA8525003E372D /* Base */ = {isa = PBXFileReference; lastKnownFileType = file.storyboard; name = Base; path = Base.lproj/LaunchScreen.storyboard; sourceTree = "<group>"; };
		99C98A8D20BA8C020027D7C4 /* Main.storyboard */ = {isa = PBXFileReference; fileEncoding = 4; lastKnownFileType = file.storyboard; path = Main.storyboard; sourceTree = "<group>"; };
		99C98A9220BA92C30027D7C4 /* Info.plist */ = {isa = PBXFileReference; fileEncoding = 4; lastKnownFileType = text.plist.xml; path = Info.plist; sourceTree = "<group>"; };
		99C98A9520BAA2790027D7C4 /* CryptoCurrencyModel.swift */ = {isa = PBXFileReference; lastKnownFileType = sourcecode.swift; path = CryptoCurrencyModel.swift; sourceTree = "<group>"; };
		ED58E103E617859083C2F8E6 /* Pods-MyBitStack.debug.xcconfig */ = {isa = PBXFileReference; includeInIndex = 1; lastKnownFileType = text.xcconfig; name = "Pods-MyBitStack.debug.xcconfig"; path = "Pods/Target Support Files/Pods-MyBitStack/Pods-MyBitStack.debug.xcconfig"; sourceTree = "<group>"; };
/* End PBXFileReference section */

/* Begin PBXFrameworksBuildPhase section */
		9905F99420BA8524003E372D /* Frameworks */ = {
			isa = PBXFrameworksBuildPhase;
			buildActionMask = 2147483647;
			files = (
				F42AA48C62133D2DA50C4C5D /* Pods_MyBitStack.framework in Frameworks */,
			);
			runOnlyForDeploymentPostprocessing = 0;
		};
/* End PBXFrameworksBuildPhase section */

/* Begin PBXGroup section */
		5A17A239B8005B835BD3D441 /* Frameworks */ = {
			isa = PBXGroup;
			children = (
				03802BC1264DF7C567732828 /* Pods_MyBitStack.framework */,
			);
			name = Frameworks;
			sourceTree = "<group>";
		};
		9905F98E20BA8524003E372D = {
			isa = PBXGroup;
			children = (
				9905F99920BA8524003E372D /* MyBitStack */,
				9905F99820BA8524003E372D /* Products */,
				A44B70FB1B72E0F13E13E6D8 /* Pods */,
				5A17A239B8005B835BD3D441 /* Frameworks */,
			);
			sourceTree = "<group>";
		};
		9905F99820BA8524003E372D /* Products */ = {
			isa = PBXGroup;
			children = (
				9905F99720BA8524003E372D /* MyBitStack.app */,
			);
			name = Products;
			sourceTree = "<group>";
		};
		9905F99920BA8524003E372D /* MyBitStack */ = {
			isa = PBXGroup;
			children = (
				99C98A9420BA92C90027D7C4 /* Supporting Files */,
				99C98A9120BA90AE0027D7C4 /* Model */,
				99C98A9020BA90A90027D7C4 /* View */,
				99C98A8F20BA90A10027D7C4 /* Controller */,
				9905F9A120BA8525003E372D /* Assets.xcassets */,
				9905F9A320BA8525003E372D /* LaunchScreen.storyboard */,
			);
			path = MyBitStack;
			sourceTree = "<group>";
		};
		99C98A8F20BA90A10027D7C4 /* Controller */ = {
			isa = PBXGroup;
			children = (
				9905F99A20BA8524003E372D /* AppDelegate.swift */,
				9905F99C20BA8524003E372D /* ViewController.swift */,
			);
			name = Controller;
			sourceTree = "<group>";
		};
		99C98A9020BA90A90027D7C4 /* View */ = {
			isa = PBXGroup;
			children = (
				99C98A8D20BA8C020027D7C4 /* Main.storyboard */,
			);
			name = View;
			sourceTree = "<group>";
		};
		99C98A9120BA90AE0027D7C4 /* Model */ = {
			isa = PBXGroup;
			children = (
				99C98A9520BAA2790027D7C4 /* CryptoCurrencyModel.swift */,
			);
			name = Model;
			sourceTree = "<group>";
		};
		99C98A9420BA92C90027D7C4 /* Supporting Files */ = {
			isa = PBXGroup;
			children = (
				99C98A9220BA92C30027D7C4 /* Info.plist */,
			);
			name = "Supporting Files";
			sourceTree = "<group>";
		};
		A44B70FB1B72E0F13E13E6D8 /* Pods */ = {
			isa = PBXGroup;
			children = (
				ED58E103E617859083C2F8E6 /* Pods-MyBitStack.debug.xcconfig */,
				3706DE98EA704EAF7F909209 /* Pods-MyBitStack.release.xcconfig */,
			);
			name = Pods;
			sourceTree = "<group>";
		};
/* End PBXGroup section */

/* Begin PBXNativeTarget section */
		9905F99620BA8524003E372D /* MyBitStack */ = {
			isa = PBXNativeTarget;
			buildConfigurationList = 9905F9A920BA8525003E372D /* Build configuration list for PBXNativeTarget "MyBitStack" */;
			buildPhases = (
				C9290A266C0490E76AEF1F56 /* [CP] Check Pods Manifest.lock */,
				9905F99320BA8524003E372D /* Sources */,
				9905F99420BA8524003E372D /* Frameworks */,
				9905F99520BA8524003E372D /* Resources */,
				05E54F7D2E88B4CBFB6610A4 /* [CP] Embed Pods Frameworks */,
			);
			buildRules = (
			);
			dependencies = (
			);
			name = MyBitStack;
			productName = MyBitStack;
			productReference = 9905F99720BA8524003E372D /* MyBitStack.app */;
			productType = "com.apple.product-type.application";
		};
/* End PBXNativeTarget section */

/* Begin PBXProject section */
		9905F98F20BA8524003E372D /* Project object */ = {
			isa = PBXProject;
			attributes = {
				LastSwiftUpdateCheck = 0930;
				LastUpgradeCheck = 0940;
				ORGANIZATIONNAME = "Ziad Hamdieh";
				TargetAttributes = {
					9905F99620BA8524003E372D = {
						CreatedOnToolsVersion = 9.3.1;
					};
				};
			};
			buildConfigurationList = 9905F99220BA8524003E372D /* Build configuration list for PBXProject "MyBitStack" */;
			compatibilityVersion = "Xcode 9.3";
			developmentRegion = en;
			hasScannedForEncodings = 0;
			knownRegions = (
				en,
				Base,
			);
			mainGroup = 9905F98E20BA8524003E372D;
			productRefGroup = 9905F99820BA8524003E372D /* Products */;
			projectDirPath = "";
			projectRoot = "";
			targets = (
				9905F99620BA8524003E372D /* MyBitStack */,
			);
		};
/* End PBXProject section */

/* Begin PBXResourcesBuildPhase section */
		9905F99520BA8524003E372D /* Resources */ = {
			isa = PBXResourcesBuildPhase;
			buildActionMask = 2147483647;
			files = (
				99C98A8E20BA8C020027D7C4 /* Main.storyboard in Resources */,
				9905F9A520BA8525003E372D /* LaunchScreen.storyboard in Resources */,
				9905F9A220BA8525003E372D /* Assets.xcassets in Resources */,
			);
			runOnlyForDeploymentPostprocessing = 0;
		};
/* End PBXResourcesBuildPhase section */

/* Begin PBXShellScriptBuildPhase section */
		05E54F7D2E88B4CBFB6610A4 /* [CP] Embed Pods Frameworks */ = {
			isa = PBXShellScriptBuildPhase;
			buildActionMask = 2147483647;
			files = (
			);
			inputPaths = (
				"${SRCROOT}/Pods/Target Support Files/Pods-MyBitStack/Pods-MyBitStack-frameworks.sh",
				"${BUILT_PRODUCTS_DIR}/Alamofire/Alamofire.framework",
				"${BUILT_PRODUCTS_DIR}/SVProgressHUD/SVProgressHUD.framework",
				"${BUILT_PRODUCTS_DIR}/SwiftyJSON/SwiftyJSON.framework",
			);
			name = "[CP] Embed Pods Frameworks";
			outputPaths = (
				"${TARGET_BUILD_DIR}/${FRAMEWORKS_FOLDER_PATH}/Alamofire.framework",
				"${TARGET_BUILD_DIR}/${FRAMEWORKS_FOLDER_PATH}/SVProgressHUD.framework",
				"${TARGET_BUILD_DIR}/${FRAMEWORKS_FOLDER_PATH}/SwiftyJSON.framework",
			);
			runOnlyForDeploymentPostprocessing = 0;
			shellPath = /bin/sh;
			shellScript = "\"${SRCROOT}/Pods/Target Support Files/Pods-MyBitStack/Pods-MyBitStack-frameworks.sh\"\n";
			showEnvVarsInLog = 0;
		};
		C9290A266C0490E76AEF1F56 /* [CP] Check Pods Manifest.lock */ = {
			isa = PBXShellScriptBuildPhase;
			buildActionMask = 2147483647;
			files = (
			);
			inputPaths = (
				"${PODS_PODFILE_DIR_PATH}/Podfile.lock",
				"${PODS_ROOT}/Manifest.lock",
			);
			name = "[CP] Check Pods Manifest.lock";
			outputPaths = (
				"$(DERIVED_FILE_DIR)/Pods-MyBitStack-checkManifestLockResult.txt",
			);
			runOnlyForDeploymentPostprocessing = 0;
			shellPath = /bin/sh;
			shellScript = "diff \"${PODS_PODFILE_DIR_PATH}/Podfile.lock\" \"${PODS_ROOT}/Manifest.lock\" > /dev/null\nif [ $? != 0 ] ; then\n    # print error to STDERR\n    echo \"error: The sandbox is not in sync with the Podfile.lock. Run 'pod install' or update your CocoaPods installation.\" >&2\n    exit 1\nfi\n# This output is used by Xcode 'outputs' to avoid re-running this script phase.\necho \"SUCCESS\" > \"${SCRIPT_OUTPUT_FILE_0}\"\n";
			showEnvVarsInLog = 0;
		};
/* End PBXShellScriptBuildPhase section */

/* Begin PBXSourcesBuildPhase section */
		9905F99320BA8524003E372D /* Sources */ = {
			isa = PBXSourcesBuildPhase;
			buildActionMask = 2147483647;
			files = (
				9905F99D20BA8524003E372D /* ViewController.swift in Sources */,
				9905F99B20BA8524003E372D /* AppDelegate.swift in Sources */,
				99C98A9620BAA2790027D7C4 /* CryptoCurrencyModel.swift in Sources */,
			);
			runOnlyForDeploymentPostprocessing = 0;
		};
/* End PBXSourcesBuildPhase section */

/* Begin PBXVariantGroup section */
		9905F9A320BA8525003E372D /* LaunchScreen.storyboard */ = {
			isa = PBXVariantGroup;
			children = (
				9905F9A420BA8525003E372D /* Base */,
			);
			name = LaunchScreen.storyboard;
			sourceTree = "<group>";
		};
/* End PBXVariantGroup section */

/* Begin XCBuildConfiguration section */
		9905F9A720BA8525003E372D /* Debug */ = {
			isa = XCBuildConfiguration;
			buildSettings = {
				ALWAYS_SEARCH_USER_PATHS = NO;
				CLANG_ANALYZER_NONNULL = YES;
				CLANG_ANALYZER_NUMBER_OBJECT_CONVERSION = YES_AGGRESSIVE;
				CLANG_CXX_LANGUAGE_STANDARD = "gnu++14";
				CLANG_CXX_LIBRARY = "libc++";
				CLANG_ENABLE_MODULES = YES;
				CLANG_ENABLE_OBJC_ARC = YES;
				CLANG_ENABLE_OBJC_WEAK = YES;
				CLANG_WARN_BLOCK_CAPTURE_AUTORELEASING = YES;
				CLANG_WARN_BOOL_CONVERSION = YES;
				CLANG_WARN_COMMA = YES;
				CLANG_WARN_CONSTANT_CONVERSION = YES;
				CLANG_WARN_DEPRECATED_OBJC_IMPLEMENTATIONS = YES;
				CLANG_WARN_DIRECT_OBJC_ISA_USAGE = YES_ERROR;
				CLANG_WARN_DOCUMENTATION_COMMENTS = YES;
				CLANG_WARN_EMPTY_BODY = YES;
				CLANG_WARN_ENUM_CONVERSION = YES;
				CLANG_WARN_INFINITE_RECURSION = YES;
				CLANG_WARN_INT_CONVERSION = YES;
				CLANG_WARN_NON_LITERAL_NULL_CONVERSION = YES;
				CLANG_WARN_OBJC_IMPLICIT_RETAIN_SELF = YES;
				CLANG_WARN_OBJC_LITERAL_CONVERSION = YES;
				CLANG_WARN_OBJC_ROOT_CLASS = YES_ERROR;
				CLANG_WARN_RANGE_LOOP_ANALYSIS = YES;
				CLANG_WARN_STRICT_PROTOTYPES = YES;
				CLANG_WARN_SUSPICIOUS_MOVE = YES;
				CLANG_WARN_UNGUARDED_AVAILABILITY = YES_AGGRESSIVE;
				CLANG_WARN_UNREACHABLE_CODE = YES;
				CLANG_WARN__DUPLICATE_METHOD_MATCH = YES;
				CODE_SIGN_IDENTITY = "iPhone Developer";
				COPY_PHASE_STRIP = NO;
				DEBUG_INFORMATION_FORMAT = dwarf;
				ENABLE_STRICT_OBJC_MSGSEND = YES;
				ENABLE_TESTABILITY = YES;
				GCC_C_LANGUAGE_STANDARD = gnu11;
				GCC_DYNAMIC_NO_PIC = NO;
				GCC_NO_COMMON_BLOCKS = YES;
				GCC_OPTIMIZATION_LEVEL = 0;
				GCC_PREPROCESSOR_DEFINITIONS = (
					"DEBUG=1",
					"$(inherited)",
				);
				GCC_WARN_64_TO_32_BIT_CONVERSION = YES;
				GCC_WARN_ABOUT_RETURN_TYPE = YES_ERROR;
				GCC_WARN_UNDECLARED_SELECTOR = YES;
				GCC_WARN_UNINITIALIZED_AUTOS = YES_AGGRESSIVE;
				GCC_WARN_UNUSED_FUNCTION = YES;
				GCC_WARN_UNUSED_VARIABLE = YES;
				IPHONEOS_DEPLOYMENT_TARGET = 11.3;
				MTL_ENABLE_DEBUG_INFO = YES;
				ONLY_ACTIVE_ARCH = YES;
				SDKROOT = iphoneos;
				SWIFT_ACTIVE_COMPILATION_CONDITIONS = DEBUG;
				SWIFT_OPTIMIZATION_LEVEL = "-Onone";
			};
			name = Debug;
		};
		9905F9A820BA8525003E372D /* Release */ = {
			isa = XCBuildConfiguration;
			buildSettings = {
				ALWAYS_SEARCH_USER_PATHS = NO;
				CLANG_ANALYZER_NONNULL = YES;
				CLANG_ANALYZER_NUMBER_OBJECT_CONVERSION = YES_AGGRESSIVE;
				CLANG_CXX_LANGUAGE_STANDARD = "gnu++14";
				CLANG_CXX_LIBRARY = "libc++";
				CLANG_ENABLE_MODULES = YES;
				CLANG_ENABLE_OBJC_ARC = YES;
				CLANG_ENABLE_OBJC_WEAK = YES;
				CLANG_WARN_BLOCK_CAPTURE_AUTORELEASING = YES;
				CLANG_WARN_BOOL_CONVERSION = YES;
				CLANG_WARN_COMMA = YES;
				CLANG_WARN_CONSTANT_CONVERSION = YES;
				CLANG_WARN_DEPRECATED_OBJC_IMPLEMENTATIONS = YES;
				CLANG_WARN_DIRECT_OBJC_ISA_USAGE = YES_ERROR;
				CLANG_WARN_DOCUMENTATION_COMMENTS = YES;
				CLANG_WARN_EMPTY_BODY = YES;
				CLANG_WARN_ENUM_CONVERSION = YES;
				CLANG_WARN_INFINITE_RECURSION = YES;
				CLANG_WARN_INT_CONVERSION = YES;
				CLANG_WARN_NON_LITERAL_NULL_CONVERSION = YES;
				CLANG_WARN_OBJC_IMPLICIT_RETAIN_SELF = YES;
				CLANG_WARN_OBJC_LITERAL_CONVERSION = YES;
				CLANG_WARN_OBJC_ROOT_CLASS = YES_ERROR;
				CLANG_WARN_RANGE_LOOP_ANALYSIS = YES;
				CLANG_WARN_STRICT_PROTOTYPES = YES;
				CLANG_WARN_SUSPICIOUS_MOVE = YES;
				CLANG_WARN_UNGUARDED_AVAILABILITY = YES_AGGRESSIVE;
				CLANG_WARN_UNREACHABLE_CODE = YES;
				CLANG_WARN__DUPLICATE_METHOD_MATCH = YES;
				CODE_SIGN_IDENTITY = "iPhone Developer";
				COPY_PHASE_STRIP = NO;
				DEBUG_INFORMATION_FORMAT = "dwarf-with-dsym";
				ENABLE_NS_ASSERTIONS = NO;
				ENABLE_STRICT_OBJC_MSGSEND = YES;
				GCC_C_LANGUAGE_STANDARD = gnu11;
				GCC_NO_COMMON_BLOCKS = YES;
				GCC_WARN_64_TO_32_BIT_CONVERSION = YES;
				GCC_WARN_ABOUT_RETURN_TYPE = YES_ERROR;
				GCC_WARN_UNDECLARED_SELECTOR = YES;
				GCC_WARN_UNINITIALIZED_AUTOS = YES_AGGRESSIVE;
				GCC_WARN_UNUSED_FUNCTION = YES;
				GCC_WARN_UNUSED_VARIABLE = YES;
				IPHONEOS_DEPLOYMENT_TARGET = 11.3;
				MTL_ENABLE_DEBUG_INFO = NO;
				SDKROOT = iphoneos;
				SWIFT_COMPILATION_MODE = wholemodule;
				SWIFT_OPTIMIZATION_LEVEL = "-O";
				VALIDATE_PRODUCT = YES;
			};
			name = Release;
		};
		9905F9AA20BA8525003E372D /* Debug */ = {
			isa = XCBuildConfiguration;
			baseConfigurationReference = ED58E103E617859083C2F8E6 /* Pods-MyBitStack.debug.xcconfig */;
			buildSettings = {
				ASSETCATALOG_COMPILER_APPICON_NAME = AppIcon;
				CODE_SIGN_STYLE = Automatic;
				DEVELOPMENT_TEAM = A95L9B7C26;
				INFOPLIST_FILE = MyBitStack/Info.plist;
				LD_RUNPATH_SEARCH_PATHS = (
					"$(inherited)",
					"@executable_path/Frameworks",
				);
				PRODUCT_BUNDLE_IDENTIFIER = com.ZiadHamdieh.MyBitStack;
				PRODUCT_NAME = "$(TARGET_NAME)";
				SWIFT_VERSION = 4.0;
				TARGETED_DEVICE_FAMILY = "1,2";
			};
			name = Debug;
		};
		9905F9AB20BA8525003E372D /* Release */ = {
			isa = XCBuildConfiguration;
			baseConfigurationReference = 3706DE98EA704EAF7F909209 /* Pods-MyBitStack.release.xcconfig */;
			buildSettings = {
				ASSETCATALOG_COMPILER_APPICON_NAME = AppIcon;
				CODE_SIGN_STYLE = Automatic;
				DEVELOPMENT_TEAM = A95L9B7C26;
				INFOPLIST_FILE = MyBitStack/Info.plist;
				LD_RUNPATH_SEARCH_PATHS = (
					"$(inherited)",
					"@executable_path/Frameworks",
				);
				PRODUCT_BUNDLE_IDENTIFIER = com.ZiadHamdieh.MyBitStack;
				PRODUCT_NAME = "$(TARGET_NAME)";
				SWIFT_VERSION = 4.0;
				TARGETED_DEVICE_FAMILY = "1,2";
			};
			name = Release;
		};
/* End XCBuildConfiguration section */

/* Begin XCConfigurationList section */
		9905F99220BA8524003E372D /* Build configuration list for PBXProject "MyBitStack" */ = {
			isa = XCConfigurationList;
			buildConfigurations = (
				9905F9A720BA8525003E372D /* Debug */,
				9905F9A820BA8525003E372D /* Release */,
			);
			defaultConfigurationIsVisible = 0;
			defaultConfigurationName = Release;
		};
		9905F9A920BA8525003E372D /* Build configuration list for PBXNativeTarget "MyBitStack" */ = {
			isa = XCConfigurationList;
			buildConfigurations = (
				9905F9AA20BA8525003E372D /* Debug */,
				9905F9AB20BA8525003E372D /* Release */,
			);
			defaultConfigurationIsVisible = 0;
			defaultConfigurationName = Release;
		};
/* End XCConfigurationList section */
	};
	rootObject = 9905F98F20BA8524003E372D /* Project object */;
}
